{
  "version": 4,
  "terraform_version": "1.5.7",
  "serial": 136,
  "lineage": "0e7655cd-bad0-44a9-3ab9-a2cad0418257",
  "outputs": {},
  "resources": [
    {
      "mode": "data",
      "type": "azurerm_image",
      "name": "main",
      "provider": "provider[\"registry.terraform.io/hashicorp/azurerm\"]",
      "instances": [
        {
          "schema_version": 0,
          "attributes": {
            "data_disk": [],
            "id": "/subscriptions/46887d31-18dd-4dc7-922d-bfb4ebfa36f1/resourceGroups/packer-resources/providers/Microsoft.Compute/images/packer-image",
            "location": "eastus",
            "name": "packer-image",
            "name_regex": null,
            "os_disk": [
              {
                "blob_uri": "",
                "caching": "ReadWrite",
                "managed_disk_id": "/subscriptions/46887d31-18dd-4dc7-922d-bfb4ebfa36f1/resourceGroups/pkr-Resource-Group-a2a60b0l33/providers/Microsoft.Compute/disks/pkrosa2a60b0l33",
                "os_state": "Generalized",
                "os_type": "Linux",
                "size_gb": 30
              }
            ],
            "resource_group_name": "packer-resources",
            "sort_descending": false,
            "tags": {
              "udacity": "learning"
            },
            "timeouts": null,
            "zone_resilient": false
          },
          "sensitive_attributes": []
        }
      ]
    },
    {
      "mode": "managed",
      "type": "azurerm_availability_set",
      "name": "main",
      "provider": "provider[\"registry.terraform.io/hashicorp/azurerm\"]",
      "instances": [
        {
          "schema_version": 0,
          "attributes": {
            "id": "/subscriptions/46887d31-18dd-4dc7-922d-bfb4ebfa36f1/resourceGroups/DevOps-resources/providers/Microsoft.Compute/availabilitySets/DevOps-availability-set",
            "location": "eastus",
            "managed": true,
            "name": "DevOps-availability-set",
            "platform_fault_domain_count": 2,
            "platform_update_domain_count": 5,
            "proximity_placement_group_id": null,
            "resource_group_name": "DevOps-resources",
            "tags": {
              "Project": "AzureDevOps"
            },
            "timeouts": null
          },
          "sensitive_attributes": [],
          "private": "eyJlMmJmYjczMC1lY2FhLTExZTYtOGY4OC0zNDM2M2JjN2M0YzAiOnsiY3JlYXRlIjoxODAwMDAwMDAwMDAwLCJkZWxldGUiOjE4MDAwMDAwMDAwMDAsInJlYWQiOjMwMDAwMDAwMDAwMCwidXBkYXRlIjoxODAwMDAwMDAwMDAwfX0=",
          "dependencies": [
            "azurerm_resource_group.main"
          ]
        }
      ]
    },
    {
      "mode": "managed",
      "type": "azurerm_lb",
      "name": "main",
      "provider": "provider[\"registry.terraform.io/hashicorp/azurerm\"]",
      "instances": [
        {
          "schema_version": 0,
          "attributes": {
            "edge_zone": "",
            "frontend_ip_configuration": [
              {
                "gateway_load_balancer_frontend_ip_configuration_id": "",
                "id": "/subscriptions/46887d31-18dd-4dc7-922d-bfb4ebfa36f1/resourceGroups/DevOps-resources/providers/Microsoft.Network/loadBalancers/DevOps-load-balancer/frontendIPConfigurations/DevOps-lb-frontend",
                "inbound_nat_rules": [],
                "load_balancer_rules": [
                  "/subscriptions/46887d31-18dd-4dc7-922d-bfb4ebfa36f1/resourceGroups/DevOps-resources/providers/Microsoft.Network/loadBalancers/DevOps-load-balancer/loadBalancingRules/DevOps-alb-rule"
                ],
                "name": "DevOps-lb-frontend",
                "outbound_rules": [],
                "private_ip_address": "",
                "private_ip_address_allocation": "Dynamic",
                "private_ip_address_version": "",
                "public_ip_address_id": "/subscriptions/46887d31-18dd-4dc7-922d-bfb4ebfa36f1/resourceGroups/DevOps-resources/providers/Microsoft.Network/publicIPAddresses/DevOps-public-ip",
                "public_ip_prefix_id": "",
                "subnet_id": "",
                "zones": []
              }
            ],
            "id": "/subscriptions/46887d31-18dd-4dc7-922d-bfb4ebfa36f1/resourceGroups/DevOps-resources/providers/Microsoft.Network/loadBalancers/DevOps-load-balancer",
            "location": "eastus",
            "name": "DevOps-load-balancer",
            "private_ip_address": "",
            "private_ip_addresses": [],
            "resource_group_name": "DevOps-resources",
            "sku": "Standard",
            "sku_tier": "Regional",
            "tags": {
              "Project": "AzureDevOps"
            },
            "timeouts": null
          },
          "sensitive_attributes": [],
          "private": "eyJlMmJmYjczMC1lY2FhLTExZTYtOGY4OC0zNDM2M2JjN2M0YzAiOnsiY3JlYXRlIjoxODAwMDAwMDAwMDAwLCJkZWxldGUiOjE4MDAwMDAwMDAwMDAsInJlYWQiOjMwMDAwMDAwMDAwMCwidXBkYXRlIjoxODAwMDAwMDAwMDAwfX0=",
          "dependencies": [
            "azurerm_public_ip.main",
            "azurerm_resource_group.main"
          ]
        }
      ]
    },
    {
      "mode": "managed",
      "type": "azurerm_lb_backend_address_pool",
      "name": "main",
      "provider": "provider[\"registry.terraform.io/hashicorp/azurerm\"]",
      "instances": [
        {
          "schema_version": 0,
          "attributes": {
            "backend_ip_configurations": [
              "/subscriptions/46887d31-18dd-4dc7-922d-bfb4ebfa36f1/resourceGroups/DevOps-resources/providers/Microsoft.Network/networkInterfaces/DevOps-nic-1/ipConfigurations/internal",
              "/subscriptions/46887d31-18dd-4dc7-922d-bfb4ebfa36f1/resourceGroups/DevOps-resources/providers/Microsoft.Network/networkInterfaces/DevOps-nic-2/ipConfigurations/internal"
            ],
            "id": "/subscriptions/46887d31-18dd-4dc7-922d-bfb4ebfa36f1/resourceGroups/DevOps-resources/providers/Microsoft.Network/loadBalancers/DevOps-load-balancer/backendAddressPools/DevOps-backend-pool",
            "inbound_nat_rules": [],
            "load_balancing_rules": [
              "/subscriptions/46887d31-18dd-4dc7-922d-bfb4ebfa36f1/resourceGroups/DevOps-resources/providers/Microsoft.Network/loadBalancers/DevOps-load-balancer/loadBalancingRules/DevOps-alb-rule"
            ],
            "loadbalancer_id": "/subscriptions/46887d31-18dd-4dc7-922d-bfb4ebfa36f1/resourceGroups/DevOps-resources/providers/Microsoft.Network/loadBalancers/DevOps-load-balancer",
            "name": "DevOps-backend-pool",
            "outbound_rules": [],
            "timeouts": null,
            "tunnel_interface": [],
            "virtual_network_id": ""
          },
          "sensitive_attributes": [],
          "private": "eyJlMmJmYjczMC1lY2FhLTExZTYtOGY4OC0zNDM2M2JjN2M0YzAiOnsiY3JlYXRlIjoxODAwMDAwMDAwMDAwLCJkZWxldGUiOjE4MDAwMDAwMDAwMDAsInJlYWQiOjMwMDAwMDAwMDAwMCwidXBkYXRlIjoxODAwMDAwMDAwMDAwfX0=",
          "dependencies": [
            "azurerm_lb.main",
            "azurerm_public_ip.main",
            "azurerm_resource_group.main"
          ]
        }
      ]
    },
    {
      "mode": "managed",
      "type": "azurerm_lb_probe",
      "name": "main",
      "provider": "provider[\"registry.terraform.io/hashicorp/azurerm\"]",
      "instances": [
        {
          "schema_version": 0,
          "attributes": {
            "id": "/subscriptions/46887d31-18dd-4dc7-922d-bfb4ebfa36f1/resourceGroups/DevOps-resources/providers/Microsoft.Network/loadBalancers/DevOps-load-balancer/probes/DevOps-tcp-probe",
            "interval_in_seconds": 15,
            "load_balancer_rules": [
              "/subscriptions/46887d31-18dd-4dc7-922d-bfb4ebfa36f1/resourceGroups/DevOps-resources/providers/Microsoft.Network/loadBalancers/DevOps-load-balancer/loadBalancingRules/DevOps-alb-rule"
            ],
            "loadbalancer_id": "/subscriptions/46887d31-18dd-4dc7-922d-bfb4ebfa36f1/resourceGroups/DevOps-resources/providers/Microsoft.Network/loadBalancers/DevOps-load-balancer",
            "name": "DevOps-tcp-probe",
            "number_of_probes": 2,
            "port": 80,
            "probe_threshold": 1,
            "protocol": "Tcp",
            "request_path": "",
            "timeouts": null
          },
          "sensitive_attributes": [],
          "private": "eyJlMmJmYjczMC1lY2FhLTExZTYtOGY4OC0zNDM2M2JjN2M0YzAiOnsiY3JlYXRlIjoxODAwMDAwMDAwMDAwLCJkZWxldGUiOjE4MDAwMDAwMDAwMDAsInJlYWQiOjMwMDAwMDAwMDAwMCwidXBkYXRlIjoxODAwMDAwMDAwMDAwfX0=",
          "dependencies": [
            "azurerm_lb.main",
            "azurerm_public_ip.main",
            "azurerm_resource_group.main"
          ]
        }
      ]
    },
    {
      "mode": "managed",
      "type": "azurerm_lb_rule",
      "name": "main",
      "provider": "provider[\"registry.terraform.io/hashicorp/azurerm\"]",
      "instances": [
        {
          "schema_version": 0,
          "attributes": {
            "backend_address_pool_ids": [
              "/subscriptions/46887d31-18dd-4dc7-922d-bfb4ebfa36f1/resourceGroups/DevOps-resources/providers/Microsoft.Network/loadBalancers/DevOps-load-balancer/backendAddressPools/DevOps-backend-pool"
            ],
            "backend_port": 80,
            "disable_outbound_snat": false,
            "enable_floating_ip": false,
            "enable_tcp_reset": false,
            "frontend_ip_configuration_id": "/subscriptions/46887d31-18dd-4dc7-922d-bfb4ebfa36f1/resourceGroups/DevOps-resources/providers/Microsoft.Network/loadBalancers/DevOps-load-balancer/frontendIPConfigurations/DevOps-lb-frontend",
            "frontend_ip_configuration_name": "DevOps-lb-frontend",
            "frontend_port": 80,
            "id": "/subscriptions/46887d31-18dd-4dc7-922d-bfb4ebfa36f1/resourceGroups/DevOps-resources/providers/Microsoft.Network/loadBalancers/DevOps-load-balancer/loadBalancingRules/DevOps-alb-rule",
            "idle_timeout_in_minutes": 4,
            "load_distribution": "Default",
            "loadbalancer_id": "/subscriptions/46887d31-18dd-4dc7-922d-bfb4ebfa36f1/resourceGroups/DevOps-resources/providers/Microsoft.Network/loadBalancers/DevOps-load-balancer",
            "name": "DevOps-alb-rule",
            "probe_id": "/subscriptions/46887d31-18dd-4dc7-922d-bfb4ebfa36f1/resourceGroups/DevOps-resources/providers/Microsoft.Network/loadBalancers/DevOps-load-balancer/probes/DevOps-tcp-probe",
            "protocol": "Tcp",
            "timeouts": null
          },
          "sensitive_attributes": [],
          "private": "eyJlMmJmYjczMC1lY2FhLTExZTYtOGY4OC0zNDM2M2JjN2M0YzAiOnsiY3JlYXRlIjoxODAwMDAwMDAwMDAwLCJkZWxldGUiOjE4MDAwMDAwMDAwMDAsInJlYWQiOjMwMDAwMDAwMDAwMCwidXBkYXRlIjoxODAwMDAwMDAwMDAwfX0=",
          "dependencies": [
            "azurerm_lb.main",
            "azurerm_lb_backend_address_pool.main",
            "azurerm_lb_probe.main",
            "azurerm_public_ip.main",
            "azurerm_resource_group.main"
          ]
        }
      ]
    },
    {
      "mode": "managed",
      "type": "azurerm_linux_virtual_machine",
      "name": "main",
      "provider": "provider[\"registry.terraform.io/hashicorp/azurerm\"]",
      "instances": [
        {
          "index_key": 0,
          "schema_version": 0,
          "attributes": {
            "additional_capabilities": [],
            "admin_password": "Abcde12345-+",
            "admin_ssh_key": [],
            "admin_username": "phuctd",
            "allow_extension_operations": true,
            "availability_set_id": "/subscriptions/46887d31-18dd-4dc7-922d-bfb4ebfa36f1/resourceGroups/DevOps-resources/providers/Microsoft.Compute/availabilitySets/DEVOPS-AVAILABILITY-SET",
            "boot_diagnostics": [],
            "bypass_platform_safety_checks_on_user_schedule_enabled": false,
            "capacity_reservation_group_id": "",
            "computer_name": "DevOps-vm-1",
            "custom_data": null,
            "dedicated_host_group_id": "",
            "dedicated_host_id": "",
            "disable_password_authentication": false,
            "edge_zone": "",
            "encryption_at_host_enabled": false,
            "eviction_policy": "",
            "extensions_time_budget": "PT1H30M",
            "gallery_application": [],
            "id": "/subscriptions/46887d31-18dd-4dc7-922d-bfb4ebfa36f1/resourceGroups/DevOps-resources/providers/Microsoft.Compute/virtualMachines/DevOps-vm-1",
            "identity": [],
            "license_type": "",
            "location": "eastus",
            "max_bid_price": -1,
            "name": "DevOps-vm-1",
            "network_interface_ids": [
              "/subscriptions/46887d31-18dd-4dc7-922d-bfb4ebfa36f1/resourceGroups/DevOps-resources/providers/Microsoft.Network/networkInterfaces/DevOps-nic-1"
            ],
            "os_disk": [
              {
                "caching": "ReadWrite",
                "diff_disk_settings": [],
                "disk_encryption_set_id": "",
                "disk_size_gb": 30,
                "name": "DevOps-os-disk-1",
                "secure_vm_disk_encryption_set_id": "",
                "security_encryption_type": "",
                "storage_account_type": "Standard_LRS",
                "write_accelerator_enabled": false
              }
            ],
            "patch_assessment_mode": "ImageDefault",
            "patch_mode": "ImageDefault",
            "plan": [],
            "platform_fault_domain": -1,
            "priority": "Regular",
            "private_ip_address": "10.0.2.5",
            "private_ip_addresses": [
              "10.0.2.5"
            ],
            "provision_vm_agent": true,
            "proximity_placement_group_id": "",
            "public_ip_address": "",
            "public_ip_addresses": [],
            "reboot_setting": "",
            "resource_group_name": "DevOps-resources",
            "secret": [],
            "secure_boot_enabled": false,
            "size": "Standard_D2s_v3",
            "source_image_id": "/subscriptions/46887d31-18dd-4dc7-922d-bfb4ebfa36f1/resourceGroups/packer-resources/providers/Microsoft.Compute/images/packer-image",
            "source_image_reference": [],
            "tags": {
              "Project": "AzureDevOps"
            },
            "termination_notification": [],
            "timeouts": null,
            "user_data": "",
            "virtual_machine_id": "e9be5bf0-b88d-445e-a228-2c4382409dcf",
            "virtual_machine_scale_set_id": "",
            "vtpm_enabled": false,
            "zone": ""
          },
          "sensitive_attributes": [],
          "private": "eyJlMmJmYjczMC1lY2FhLTExZTYtOGY4OC0zNDM2M2JjN2M0YzAiOnsiY3JlYXRlIjoyNzAwMDAwMDAwMDAwLCJkZWxldGUiOjI3MDAwMDAwMDAwMDAsInJlYWQiOjMwMDAwMDAwMDAwMCwidXBkYXRlIjoyNzAwMDAwMDAwMDAwfX0=",
          "dependencies": [
            "azurerm_availability_set.main",
            "azurerm_network_interface.main",
            "azurerm_resource_group.main",
            "azurerm_subnet.internal",
            "azurerm_virtual_network.main",
            "data.azurerm_image.main"
          ]
        },
        {
          "index_key": 1,
          "schema_version": 0,
          "attributes": {
            "additional_capabilities": [],
            "admin_password": "Abcde12345-+",
            "admin_ssh_key": [],
            "admin_username": "phuctd",
            "allow_extension_operations": true,
            "availability_set_id": "/subscriptions/46887d31-18dd-4dc7-922d-bfb4ebfa36f1/resourceGroups/DevOps-resources/providers/Microsoft.Compute/availabilitySets/DEVOPS-AVAILABILITY-SET",
            "boot_diagnostics": [],
            "bypass_platform_safety_checks_on_user_schedule_enabled": false,
            "capacity_reservation_group_id": "",
            "computer_name": "DevOps-vm-2",
            "custom_data": null,
            "dedicated_host_group_id": "",
            "dedicated_host_id": "",
            "disable_password_authentication": false,
            "edge_zone": "",
            "encryption_at_host_enabled": false,
            "eviction_policy": "",
            "extensions_time_budget": "PT1H30M",
            "gallery_application": [],
            "id": "/subscriptions/46887d31-18dd-4dc7-922d-bfb4ebfa36f1/resourceGroups/DevOps-resources/providers/Microsoft.Compute/virtualMachines/DevOps-vm-2",
            "identity": [],
            "license_type": "",
            "location": "eastus",
            "max_bid_price": -1,
            "name": "DevOps-vm-2",
            "network_interface_ids": [
              "/subscriptions/46887d31-18dd-4dc7-922d-bfb4ebfa36f1/resourceGroups/DevOps-resources/providers/Microsoft.Network/networkInterfaces/DevOps-nic-2"
            ],
            "os_disk": [
              {
                "caching": "ReadWrite",
                "diff_disk_settings": [],
                "disk_encryption_set_id": "",
                "disk_size_gb": 30,
                "name": "DevOps-os-disk-2",
                "secure_vm_disk_encryption_set_id": "",
                "security_encryption_type": "",
                "storage_account_type": "Standard_LRS",
                "write_accelerator_enabled": false
              }
            ],
            "patch_assessment_mode": "ImageDefault",
            "patch_mode": "ImageDefault",
            "plan": [],
            "platform_fault_domain": -1,
            "priority": "Regular",
            "private_ip_address": "10.0.2.4",
            "private_ip_addresses": [
              "10.0.2.4"
            ],
            "provision_vm_agent": true,
            "proximity_placement_group_id": "",
            "public_ip_address": "",
            "public_ip_addresses": [],
            "reboot_setting": "",
            "resource_group_name": "DevOps-resources",
            "secret": [],
            "secure_boot_enabled": false,
            "size": "Standard_D2s_v3",
            "source_image_id": "/subscriptions/46887d31-18dd-4dc7-922d-bfb4ebfa36f1/resourceGroups/packer-resources/providers/Microsoft.Compute/images/packer-image",
            "source_image_reference": [],
            "tags": {
              "Project": "AzureDevOps"
            },
            "termination_notification": [],
            "timeouts": null,
            "user_data": "",
            "virtual_machine_id": "5114a825-7394-442d-9c9e-24a7646470e2",
            "virtual_machine_scale_set_id": "",
            "vtpm_enabled": false,
            "zone": ""
          },
          "sensitive_attributes": [],
          "private": "eyJlMmJmYjczMC1lY2FhLTExZTYtOGY4OC0zNDM2M2JjN2M0YzAiOnsiY3JlYXRlIjoyNzAwMDAwMDAwMDAwLCJkZWxldGUiOjI3MDAwMDAwMDAwMDAsInJlYWQiOjMwMDAwMDAwMDAwMCwidXBkYXRlIjoyNzAwMDAwMDAwMDAwfX0=",
          "dependencies": [
            "azurerm_availability_set.main",
            "azurerm_network_interface.main",
            "azurerm_resource_group.main",
            "azurerm_subnet.internal",
            "azurerm_virtual_network.main",
            "data.azurerm_image.main"
          ]
        }
      ]
    },
    {
      "mode": "managed",
      "type": "azurerm_network_interface",
      "name": "main",
      "provider": "provider[\"registry.terraform.io/hashicorp/azurerm\"]",
      "instances": [
        {
          "index_key": 0,
          "schema_version": 0,
          "attributes": {
            "applied_dns_servers": [],
            "auxiliary_mode": "",
            "auxiliary_sku": "",
            "dns_servers": [],
            "edge_zone": "",
            "enable_accelerated_networking": false,
            "enable_ip_forwarding": false,
            "id": "/subscriptions/46887d31-18dd-4dc7-922d-bfb4ebfa36f1/resourceGroups/DevOps-resources/providers/Microsoft.Network/networkInterfaces/DevOps-nic-1",
            "internal_dns_name_label": "",
            "internal_domain_name_suffix": "evlqfubkdrtebgnbb51sfvat3e.bx.internal.cloudapp.net",
            "ip_configuration": [
              {
                "gateway_load_balancer_frontend_ip_configuration_id": "",
                "name": "internal",
                "primary": true,
                "private_ip_address": "10.0.2.5",
                "private_ip_address_allocation": "Dynamic",
                "private_ip_address_version": "IPv4",
                "public_ip_address_id": "",
                "subnet_id": "/subscriptions/46887d31-18dd-4dc7-922d-bfb4ebfa36f1/resourceGroups/DevOps-resources/providers/Microsoft.Network/virtualNetworks/DevOps-network/subnets/internal"
              }
            ],
            "location": "eastus",
            "mac_address": "00-0D-3A-53-02-62",
            "name": "DevOps-nic-1",
            "private_ip_address": "10.0.2.5",
            "private_ip_addresses": [
              "10.0.2.5"
            ],
            "resource_group_name": "DevOps-resources",
            "tags": {
              "Project": "AzureDevOps"
            },
            "timeouts": null,
            "virtual_machine_id": "/subscriptions/46887d31-18dd-4dc7-922d-bfb4ebfa36f1/resourceGroups/DevOps-resources/providers/Microsoft.Compute/virtualMachines/DevOps-vm-1"
          },
          "sensitive_attributes": [],
          "private": "eyJlMmJmYjczMC1lY2FhLTExZTYtOGY4OC0zNDM2M2JjN2M0YzAiOnsiY3JlYXRlIjoxODAwMDAwMDAwMDAwLCJkZWxldGUiOjE4MDAwMDAwMDAwMDAsInJlYWQiOjMwMDAwMDAwMDAwMCwidXBkYXRlIjoxODAwMDAwMDAwMDAwfX0=",
          "dependencies": [
            "azurerm_resource_group.main",
            "azurerm_subnet.internal",
            "azurerm_virtual_network.main"
          ]
        },
        {
          "index_key": 1,
          "schema_version": 0,
          "attributes": {
            "applied_dns_servers": [],
            "auxiliary_mode": "",
            "auxiliary_sku": "",
            "dns_servers": [],
            "edge_zone": "",
            "enable_accelerated_networking": false,
            "enable_ip_forwarding": false,
            "id": "/subscriptions/46887d31-18dd-4dc7-922d-bfb4ebfa36f1/resourceGroups/DevOps-resources/providers/Microsoft.Network/networkInterfaces/DevOps-nic-2",
            "internal_dns_name_label": "",
            "internal_domain_name_suffix": "evlqfubkdrtebgnbb51sfvat3e.bx.internal.cloudapp.net",
            "ip_configuration": [
              {
                "gateway_load_balancer_frontend_ip_configuration_id": "",
                "name": "internal",
                "primary": true,
                "private_ip_address": "10.0.2.4",
                "private_ip_address_allocation": "Dynamic",
                "private_ip_address_version": "IPv4",
                "public_ip_address_id": "",
                "subnet_id": "/subscriptions/46887d31-18dd-4dc7-922d-bfb4ebfa36f1/resourceGroups/DevOps-resources/providers/Microsoft.Network/virtualNetworks/DevOps-network/subnets/internal"
              }
            ],
            "location": "eastus",
            "mac_address": "00-22-48-29-89-9B",
            "name": "DevOps-nic-2",
            "private_ip_address": "10.0.2.4",
            "private_ip_addresses": [
              "10.0.2.4"
            ],
            "resource_group_name": "DevOps-resources",
            "tags": {
              "Project": "AzureDevOps"
            },
            "timeouts": null,
            "virtual_machine_id": "/subscriptions/46887d31-18dd-4dc7-922d-bfb4ebfa36f1/resourceGroups/DevOps-resources/providers/Microsoft.Compute/virtualMachines/DevOps-vm-2"
          },
          "sensitive_attributes": [],
          "private": "eyJlMmJmYjczMC1lY2FhLTExZTYtOGY4OC0zNDM2M2JjN2M0YzAiOnsiY3JlYXRlIjoxODAwMDAwMDAwMDAwLCJkZWxldGUiOjE4MDAwMDAwMDAwMDAsInJlYWQiOjMwMDAwMDAwMDAwMCwidXBkYXRlIjoxODAwMDAwMDAwMDAwfX0=",
          "dependencies": [
            "azurerm_resource_group.main",
            "azurerm_subnet.internal",
            "azurerm_virtual_network.main"
          ]
        }
      ]
    },
    {
      "mode": "managed",
      "type": "azurerm_network_interface_backend_address_pool_association",
      "name": "main",
      "provider": "provider[\"registry.terraform.io/hashicorp/azurerm\"]",
      "instances": [
        {
          "index_key": 0,
          "schema_version": 0,
          "attributes": {
            "backend_address_pool_id": "/subscriptions/46887d31-18dd-4dc7-922d-bfb4ebfa36f1/resourceGroups/DevOps-resources/providers/Microsoft.Network/loadBalancers/DevOps-load-balancer/backendAddressPools/DevOps-backend-pool",
            "id": "/subscriptions/46887d31-18dd-4dc7-922d-bfb4ebfa36f1/resourceGroups/DevOps-resources/providers/Microsoft.Network/networkInterfaces/DevOps-nic-1/ipConfigurations/internal|/subscriptions/46887d31-18dd-4dc7-922d-bfb4ebfa36f1/resourceGroups/DevOps-resources/providers/Microsoft.Network/loadBalancers/DevOps-load-balancer/backendAddressPools/DevOps-backend-pool",
            "ip_configuration_name": "internal",
            "network_interface_id": "/subscriptions/46887d31-18dd-4dc7-922d-bfb4ebfa36f1/resourceGroups/DevOps-resources/providers/Microsoft.Network/networkInterfaces/DevOps-nic-1",
            "timeouts": null
          },
          "sensitive_attributes": [],
          "private": "eyJlMmJmYjczMC1lY2FhLTExZTYtOGY4OC0zNDM2M2JjN2M0YzAiOnsiY3JlYXRlIjoxODAwMDAwMDAwMDAwLCJkZWxldGUiOjE4MDAwMDAwMDAwMDAsInJlYWQiOjMwMDAwMDAwMDAwMCwidXBkYXRlIjoxODAwMDAwMDAwMDAwfX0=",
          "dependencies": [
            "azurerm_lb.main",
            "azurerm_lb_backend_address_pool.main",
            "azurerm_network_interface.main",
            "azurerm_public_ip.main",
            "azurerm_resource_group.main",
            "azurerm_subnet.internal",
            "azurerm_virtual_network.main"
          ]
        },
        {
          "index_key": 1,
          "schema_version": 0,
          "attributes": {
            "backend_address_pool_id": "/subscriptions/46887d31-18dd-4dc7-922d-bfb4ebfa36f1/resourceGroups/DevOps-resources/providers/Microsoft.Network/loadBalancers/DevOps-load-balancer/backendAddressPools/DevOps-backend-pool",
            "id": "/subscriptions/46887d31-18dd-4dc7-922d-bfb4ebfa36f1/resourceGroups/DevOps-resources/providers/Microsoft.Network/networkInterfaces/DevOps-nic-2/ipConfigurations/internal|/subscriptions/46887d31-18dd-4dc7-922d-bfb4ebfa36f1/resourceGroups/DevOps-resources/providers/Microsoft.Network/loadBalancers/DevOps-load-balancer/backendAddressPools/DevOps-backend-pool",
            "ip_configuration_name": "internal",
            "network_interface_id": "/subscriptions/46887d31-18dd-4dc7-922d-bfb4ebfa36f1/resourceGroups/DevOps-resources/providers/Microsoft.Network/networkInterfaces/DevOps-nic-2",
            "timeouts": null
          },
          "sensitive_attributes": [],
          "private": "eyJlMmJmYjczMC1lY2FhLTExZTYtOGY4OC0zNDM2M2JjN2M0YzAiOnsiY3JlYXRlIjoxODAwMDAwMDAwMDAwLCJkZWxldGUiOjE4MDAwMDAwMDAwMDAsInJlYWQiOjMwMDAwMDAwMDAwMCwidXBkYXRlIjoxODAwMDAwMDAwMDAwfX0=",
          "dependencies": [
            "azurerm_lb.main",
            "azurerm_lb_backend_address_pool.main",
            "azurerm_network_interface.main",
            "azurerm_public_ip.main",
            "azurerm_resource_group.main",
            "azurerm_subnet.internal",
            "azurerm_virtual_network.main"
          ]
        }
      ]
    },
    {
      "mode": "managed",
      "type": "azurerm_network_security_group",
      "name": "main",
      "provider": "provider[\"registry.terraform.io/hashicorp/azurerm\"]",
      "instances": [
        {
          "schema_version": 0,
          "attributes": {
            "id": "/subscriptions/46887d31-18dd-4dc7-922d-bfb4ebfa36f1/resourceGroups/DevOps-resources/providers/Microsoft.Network/networkSecurityGroups/DevOps-nsg",
            "location": "eastus",
            "name": "DevOps-nsg",
            "resource_group_name": "DevOps-resources",
            "security_rule": [
              {
                "access": "Allow",
                "description": "",
                "destination_address_prefix": "VirtualNetwork",
                "destination_address_prefixes": [],
                "destination_application_security_group_ids": [],
                "destination_port_range": "*",
                "destination_port_ranges": [],
                "direction": "Inbound",
                "name": "internal-inbound",
                "priority": 200,
                "protocol": "*",
                "source_address_prefix": "VirtualNetwork",
                "source_address_prefixes": [],
                "source_application_security_group_ids": [],
                "source_port_range": "*",
                "source_port_ranges": []
              },
              {
                "access": "Allow",
                "description": "",
                "destination_address_prefix": "VirtualNetwork",
                "destination_address_prefixes": [],
                "destination_application_security_group_ids": [],
                "destination_port_range": "*",
                "destination_port_ranges": [],
                "direction": "Outbound",
                "name": "internal-outbound",
                "priority": 200,
                "protocol": "*",
                "source_address_prefix": "VirtualNetwork",
                "source_address_prefixes": [],
                "source_application_security_group_ids": [],
                "source_port_range": "*",
                "source_port_ranges": []
              },
              {
                "access": "Deny",
                "description": "",
                "destination_address_prefix": "VirtualNetwork",
                "destination_address_prefixes": [],
                "destination_application_security_group_ids": [],
                "destination_port_range": "*",
                "destination_port_ranges": [],
                "direction": "Inbound",
                "name": "deny-internet",
                "priority": 100,
                "protocol": "*",
                "source_address_prefix": "*",
                "source_address_prefixes": [],
                "source_application_security_group_ids": [],
                "source_port_range": "*",
                "source_port_ranges": []
              }
            ],
            "tags": {
              "Project": "AzureDevOps"
            },
            "timeouts": null
          },
          "sensitive_attributes": [],
          "private": "eyJlMmJmYjczMC1lY2FhLTExZTYtOGY4OC0zNDM2M2JjN2M0YzAiOnsiY3JlYXRlIjoxODAwMDAwMDAwMDAwLCJkZWxldGUiOjE4MDAwMDAwMDAwMDAsInJlYWQiOjMwMDAwMDAwMDAwMCwidXBkYXRlIjoxODAwMDAwMDAwMDAwfX0=",
          "dependencies": [
            "azurerm_resource_group.main"
          ]
        }
      ]
    },
    {
      "mode": "managed",
      "type": "azurerm_network_security_rule",
      "name": "deny_internet",
      "provider": "provider[\"registry.terraform.io/hashicorp/azurerm\"]",
      "instances": [
        {
          "schema_version": 0,
          "attributes": {
            "access": "Deny",
            "description": "",
            "destination_address_prefix": "VirtualNetwork",
            "destination_address_prefixes": [],
            "destination_application_security_group_ids": [],
            "destination_port_range": "*",
            "destination_port_ranges": [],
            "direction": "Inbound",
            "id": "/subscriptions/46887d31-18dd-4dc7-922d-bfb4ebfa36f1/resourceGroups/DevOps-resources/providers/Microsoft.Network/networkSecurityGroups/DevOps-nsg/securityRules/deny-internet",
            "name": "deny-internet",
            "network_security_group_name": "DevOps-nsg",
            "priority": 100,
            "protocol": "*",
            "resource_group_name": "DevOps-resources",
            "source_address_prefix": "*",
            "source_address_prefixes": [],
            "source_application_security_group_ids": [],
            "source_port_range": "*",
            "source_port_ranges": [],
            "timeouts": null
          },
          "sensitive_attributes": [],
          "private": "eyJlMmJmYjczMC1lY2FhLTExZTYtOGY4OC0zNDM2M2JjN2M0YzAiOnsiY3JlYXRlIjoxODAwMDAwMDAwMDAwLCJkZWxldGUiOjE4MDAwMDAwMDAwMDAsInJlYWQiOjMwMDAwMDAwMDAwMCwidXBkYXRlIjoxODAwMDAwMDAwMDAwfX0=",
          "dependencies": [
            "azurerm_network_security_group.main",
            "azurerm_resource_group.main"
          ]
        }
      ]
    },
    {
      "mode": "managed",
      "type": "azurerm_network_security_rule",
      "name": "internal_inbound",
      "provider": "provider[\"registry.terraform.io/hashicorp/azurerm\"]",
      "instances": [
        {
          "schema_version": 0,
          "attributes": {
            "access": "Allow",
            "description": "",
            "destination_address_prefix": "VirtualNetwork",
            "destination_address_prefixes": [],
            "destination_application_security_group_ids": [],
            "destination_port_range": "*",
            "destination_port_ranges": [],
            "direction": "Inbound",
            "id": "/subscriptions/46887d31-18dd-4dc7-922d-bfb4ebfa36f1/resourceGroups/DevOps-resources/providers/Microsoft.Network/networkSecurityGroups/DevOps-nsg/securityRules/internal-inbound",
            "name": "internal-inbound",
            "network_security_group_name": "DevOps-nsg",
            "priority": 200,
            "protocol": "*",
            "resource_group_name": "DevOps-resources",
            "source_address_prefix": "VirtualNetwork",
            "source_address_prefixes": [],
            "source_application_security_group_ids": [],
            "source_port_range": "*",
            "source_port_ranges": [],
            "timeouts": null
          },
          "sensitive_attributes": [],
          "private": "eyJlMmJmYjczMC1lY2FhLTExZTYtOGY4OC0zNDM2M2JjN2M0YzAiOnsiY3JlYXRlIjoxODAwMDAwMDAwMDAwLCJkZWxldGUiOjE4MDAwMDAwMDAwMDAsInJlYWQiOjMwMDAwMDAwMDAwMCwidXBkYXRlIjoxODAwMDAwMDAwMDAwfX0=",
          "dependencies": [
            "azurerm_network_security_group.main",
            "azurerm_resource_group.main"
          ]
        }
      ]
    },
    {
      "mode": "managed",
      "type": "azurerm_network_security_rule",
      "name": "internal_outbound",
      "provider": "provider[\"registry.terraform.io/hashicorp/azurerm\"]",
      "instances": [
        {
          "schema_version": 0,
          "attributes": {
            "access": "Allow",
            "description": "",
            "destination_address_prefix": "VirtualNetwork",
            "destination_address_prefixes": [],
            "destination_application_security_group_ids": [],
            "destination_port_range": "*",
            "destination_port_ranges": [],
            "direction": "Outbound",
            "id": "/subscriptions/46887d31-18dd-4dc7-922d-bfb4ebfa36f1/resourceGroups/DevOps-resources/providers/Microsoft.Network/networkSecurityGroups/DevOps-nsg/securityRules/internal-outbound",
            "name": "internal-outbound",
            "network_security_group_name": "DevOps-nsg",
            "priority": 200,
            "protocol": "*",
            "resource_group_name": "DevOps-resources",
            "source_address_prefix": "VirtualNetwork",
            "source_address_prefixes": [],
            "source_application_security_group_ids": [],
            "source_port_range": "*",
            "source_port_ranges": [],
            "timeouts": null
          },
          "sensitive_attributes": [],
          "private": "eyJlMmJmYjczMC1lY2FhLTExZTYtOGY4OC0zNDM2M2JjN2M0YzAiOnsiY3JlYXRlIjoxODAwMDAwMDAwMDAwLCJkZWxldGUiOjE4MDAwMDAwMDAwMDAsInJlYWQiOjMwMDAwMDAwMDAwMCwidXBkYXRlIjoxODAwMDAwMDAwMDAwfX0=",
          "dependencies": [
            "azurerm_network_security_group.main",
            "azurerm_resource_group.main"
          ]
        }
      ]
    },
    {
      "mode": "managed",
      "type": "azurerm_public_ip",
      "name": "main",
      "provider": "provider[\"registry.terraform.io/hashicorp/azurerm\"]",
      "instances": [
        {
          "schema_version": 0,
          "attributes": {
            "allocation_method": "Static",
            "ddos_protection_mode": "VirtualNetworkInherited",
            "ddos_protection_plan_id": null,
            "domain_name_label": null,
            "edge_zone": "",
            "fqdn": null,
            "id": "/subscriptions/46887d31-18dd-4dc7-922d-bfb4ebfa36f1/resourceGroups/DevOps-resources/providers/Microsoft.Network/publicIPAddresses/DevOps-public-ip",
            "idle_timeout_in_minutes": 4,
            "ip_address": "20.102.79.137",
            "ip_tags": {},
            "ip_version": "IPv4",
            "location": "eastus",
            "name": "DevOps-public-ip",
            "public_ip_prefix_id": null,
            "resource_group_name": "DevOps-resources",
            "reverse_fqdn": null,
            "sku": "Standard",
            "sku_tier": "Regional",
            "tags": {
              "Project": "AzureDevOps"
            },
            "timeouts": null,
            "zones": []
          },
          "sensitive_attributes": [],
          "private": "eyJlMmJmYjczMC1lY2FhLTExZTYtOGY4OC0zNDM2M2JjN2M0YzAiOnsiY3JlYXRlIjoxODAwMDAwMDAwMDAwLCJkZWxldGUiOjE4MDAwMDAwMDAwMDAsInJlYWQiOjMwMDAwMDAwMDAwMCwidXBkYXRlIjoxODAwMDAwMDAwMDAwfX0=",
          "dependencies": [
            "azurerm_resource_group.main"
          ]
        }
      ]
    },
    {
      "mode": "managed",
      "type": "azurerm_resource_group",
      "name": "main",
      "provider": "provider[\"registry.terraform.io/hashicorp/azurerm\"]",
      "instances": [
        {
          "schema_version": 0,
          "attributes": {
            "id": "/subscriptions/46887d31-18dd-4dc7-922d-bfb4ebfa36f1/resourceGroups/DevOps-resources",
            "location": "eastus",
            "managed_by": "",
            "name": "DevOps-resources",
            "tags": {
              "Project": "AzureDevOps"
            },
            "timeouts": null
          },
          "sensitive_attributes": [],
          "private": "eyJlMmJmYjczMC1lY2FhLTExZTYtOGY4OC0zNDM2M2JjN2M0YzAiOnsiY3JlYXRlIjo1NDAwMDAwMDAwMDAwLCJkZWxldGUiOjU0MDAwMDAwMDAwMDAsInJlYWQiOjMwMDAwMDAwMDAwMCwidXBkYXRlIjo1NDAwMDAwMDAwMDAwfX0="
        }
      ]
    },
    {
      "mode": "managed",
      "type": "azurerm_subnet",
      "name": "internal",
      "provider": "provider[\"registry.terraform.io/hashicorp/azurerm\"]",
      "instances": [
        {
          "schema_version": 0,
          "attributes": {
            "address_prefixes": [
              "10.0.2.0/24"
            ],
            "delegation": [],
            "enforce_private_link_endpoint_network_policies": false,
            "enforce_private_link_service_network_policies": false,
            "id": "/subscriptions/46887d31-18dd-4dc7-922d-bfb4ebfa36f1/resourceGroups/DevOps-resources/providers/Microsoft.Network/virtualNetworks/DevOps-network/subnets/internal",
            "name": "internal",
            "private_endpoint_network_policies_enabled": true,
            "private_link_service_network_policies_enabled": true,
            "resource_group_name": "DevOps-resources",
            "service_endpoint_policy_ids": [],
            "service_endpoints": [],
            "timeouts": null,
            "virtual_network_name": "DevOps-network"
          },
          "sensitive_attributes": [],
          "private": "eyJlMmJmYjczMC1lY2FhLTExZTYtOGY4OC0zNDM2M2JjN2M0YzAiOnsiY3JlYXRlIjoxODAwMDAwMDAwMDAwLCJkZWxldGUiOjE4MDAwMDAwMDAwMDAsInJlYWQiOjMwMDAwMDAwMDAwMCwidXBkYXRlIjoxODAwMDAwMDAwMDAwfX0=",
          "dependencies": [
            "azurerm_resource_group.main",
            "azurerm_virtual_network.main"
          ]
        }
      ]
    },
    {
      "mode": "managed",
      "type": "azurerm_subnet_network_security_group_association",
      "name": "main",
      "provider": "provider[\"registry.terraform.io/hashicorp/azurerm\"]",
      "instances": [
        {
          "schema_version": 0,
          "attributes": {
            "id": "/subscriptions/46887d31-18dd-4dc7-922d-bfb4ebfa36f1/resourceGroups/DevOps-resources/providers/Microsoft.Network/virtualNetworks/DevOps-network/subnets/internal",
            "network_security_group_id": "/subscriptions/46887d31-18dd-4dc7-922d-bfb4ebfa36f1/resourceGroups/DevOps-resources/providers/Microsoft.Network/networkSecurityGroups/DevOps-nsg",
            "subnet_id": "/subscriptions/46887d31-18dd-4dc7-922d-bfb4ebfa36f1/resourceGroups/DevOps-resources/providers/Microsoft.Network/virtualNetworks/DevOps-network/subnets/internal",
            "timeouts": null
          },
          "sensitive_attributes": [],
          "private": "eyJlMmJmYjczMC1lY2FhLTExZTYtOGY4OC0zNDM2M2JjN2M0YzAiOnsiY3JlYXRlIjoxODAwMDAwMDAwMDAwLCJkZWxldGUiOjE4MDAwMDAwMDAwMDAsInJlYWQiOjMwMDAwMDAwMDAwMCwidXBkYXRlIjoxODAwMDAwMDAwMDAwfX0=",
          "dependencies": [
            "azurerm_network_security_group.main",
            "azurerm_resource_group.main",
            "azurerm_subnet.internal",
            "azurerm_virtual_network.main"
          ]
        }
      ]
    },
    {
      "mode": "managed",
      "type": "azurerm_virtual_network",
      "name": "main",
      "provider": "provider[\"registry.terraform.io/hashicorp/azurerm\"]",
      "instances": [
        {
          "schema_version": 0,
          "attributes": {
            "address_space": [
              "10.0.0.0/22"
            ],
            "bgp_community": "",
            "ddos_protection_plan": [],
            "dns_servers": [],
            "edge_zone": "",
            "encryption": [],
            "flow_timeout_in_minutes": 0,
            "guid": "d0025725-1c2a-4066-99a1-0ff722d413ec",
            "id": "/subscriptions/46887d31-18dd-4dc7-922d-bfb4ebfa36f1/resourceGroups/DevOps-resources/providers/Microsoft.Network/virtualNetworks/DevOps-network",
            "location": "eastus",
            "name": "DevOps-network",
            "resource_group_name": "DevOps-resources",
            "subnet": [
              {
                "address_prefix": "10.0.2.0/24",
                "id": "/subscriptions/46887d31-18dd-4dc7-922d-bfb4ebfa36f1/resourceGroups/DevOps-resources/providers/Microsoft.Network/virtualNetworks/DevOps-network/subnets/internal",
                "name": "internal",
                "security_group": "/subscriptions/46887d31-18dd-4dc7-922d-bfb4ebfa36f1/resourceGroups/DevOps-resources/providers/Microsoft.Network/networkSecurityGroups/DevOps-nsg"
              }
            ],
            "tags": {
              "Project": "AzureDevOps"
            },
            "timeouts": null
          },
          "sensitive_attributes": [],
          "private": "eyJlMmJmYjczMC1lY2FhLTExZTYtOGY4OC0zNDM2M2JjN2M0YzAiOnsiY3JlYXRlIjoxODAwMDAwMDAwMDAwLCJkZWxldGUiOjE4MDAwMDAwMDAwMDAsInJlYWQiOjMwMDAwMDAwMDAwMCwidXBkYXRlIjoxODAwMDAwMDAwMDAwfX0=",
          "dependencies": [
            "azurerm_resource_group.main"
          ]
        }
      ]
    }
  ],
  "check_results": null
}
